{
  "name": "pdf-editor",
  "lockfileVersion": 2,
  "requires": true,
  "packages": {
    "": {
      "dependencies": {
        "@jspawn/jspawn": "^0.3.1",
        "@jspawn/pdfr-wasm": "^0.0.3",
        "@jspawn/qpdf-wasm": "^0.0.1"
      },
      "devDependencies": {}
    },
    "node_modules/@jspawn/jspawn": {
      "version": "0.3.1",
      "resolved": "https://registry.npmjs.org/@jspawn/jspawn/-/jspawn-0.3.1.tgz",
      "integrity": "sha512-xdNG+JDkR1HGuGsdBWXL0tBafiwGiGX+a8WEZywtJtXg7jDlMSCvYNSsCG191vqco2k3sd1M+jZpQnLvQipOtg=="
    },
    "node_modules/@jspawn/pdfr-wasm": {
      "version": "0.0.3",
      "resolved": "https://registry.npmjs.org/@jspawn/pdfr-wasm/-/pdfr-wasm-0.0.3.tgz",
      "integrity": "sha512-zS/pdmcty2+gzP1t7EkNCQk67SbNsiJk3MVhGtJ9zprEZoUjDC1CC7zyvu+o7P3QDUYwyjoQdSZZ/Bav/jNLTA=="
    },
    "node_modules/@jspawn/qpdf-wasm": {
      "version": "0.0.1",
      "resolved": "https://registry.npmjs.org/@jspawn/qpdf-wasm/-/qpdf-wasm-0.0.1.tgz",
      "integrity": "sha512-SvrW9q149/qedCPklwa6+Dyl5aNR0aSIxlJAfdxzjg78XmBHt5iB7jgCh9O6RYxk/MRiZ05DgxO5o+w2qQJjJQ=="
    }
  },
  "dependencies": {
    "@jspawn/jspawn": {
      "version": "0.3.1",
      "resolved": "https://registry.npmjs.org/@jspawn/jspawn/-/jspawn-0.3.1.tgz",
      "integrity": "sha512-xdNG+JDkR1HGuGsdBWXL0tBafiwGiGX+a8WEZywtJtXg7jDlMSCvYNSsCG191vqco2k3sd1M+jZpQnLvQipOtg=="
    },
    "@jspawn/pdfr-wasm": {
      "version": "0.0.3",
      "resolved": "https://registry.npmjs.org/@jspawn/pdfr-wasm/-/pdfr-wasm-0.0.3.tgz",
      "integrity": "sha512-zS/pdmcty2+gzP1t7EkNCQk67SbNsiJk3MVhGtJ9zprEZoUjDC1CC7zyvu+o7P3QDUYwyjoQdSZZ/Bav/jNLTA=="
    },
    "@jspawn/qpdf-wasm": {
      "version": "0.0.1",
      "resolved": "https://registry.npmjs.org/@jspawn/qpdf-wasm/-/qpdf-wasm-0.0.1.tgz",
      "integrity": "sha512-SvrW9q149/qedCPklwa6+Dyl5aNR0aSIxlJAfdxzjg78XmBHt5iB7jgCh9O6RYxk/MRiZ05DgxO5o+w2qQJjJQ=="
    }
  }
}
