{
  "name": "pdf-editor",
  "lockfileVersion": 2,
  "requires": true,
  "packages": {
    "": {
      "dependencies": {
        "@jspawn/jspawn": "^0.4.0",
        "@jspawn/pdfr-wasm": "^0.0.3",
        "@jspawn/qpdf-wasm": "^0.0.1"
      },
      "devDependencies": {
        "test-util": "file:../test-util"
      }
    },
    "../test-util": {
      "dev": true
    },
    "node_modules/@jspawn/jspawn": {
      "version": "0.4.0",
      "resolved": "https://registry.npmjs.org/@jspawn/jspawn/-/jspawn-0.4.0.tgz",
      "integrity": "sha512-i8cHhLkNDMW2pnmiXX7GLsG8uf0aFhO8RPMDjk00nT9BSOG+ivNnDd+7LRH4+AU1DRNuIiQJ0fjRt87gvH+VxQ=="
    },
    "node_modules/@jspawn/pdfr-wasm": {
      "version": "0.0.3",
      "resolved": "https://registry.npmjs.org/@jspawn/pdfr-wasm/-/pdfr-wasm-0.0.3.tgz",
      "integrity": "sha512-zS/pdmcty2+gzP1t7EkNCQk67SbNsiJk3MVhGtJ9zprEZoUjDC1CC7zyvu+o7P3QDUYwyjoQdSZZ/Bav/jNLTA=="
    },
    "node_modules/@jspawn/qpdf-wasm": {
      "version": "0.0.1",
      "resolved": "https://registry.npmjs.org/@jspawn/qpdf-wasm/-/qpdf-wasm-0.0.1.tgz",
      "integrity": "sha512-SvrW9q149/qedCPklwa6+Dyl5aNR0aSIxlJAfdxzjg78XmBHt5iB7jgCh9O6RYxk/MRiZ05DgxO5o+w2qQJjJQ=="
    },
    "node_modules/test-util": {
      "resolved": "../test-util",
      "link": true
    }
  },
  "dependencies": {
    "@jspawn/jspawn": {
      "version": "0.4.0",
      "resolved": "https://registry.npmjs.org/@jspawn/jspawn/-/jspawn-0.4.0.tgz",
      "integrity": "sha512-i8cHhLkNDMW2pnmiXX7GLsG8uf0aFhO8RPMDjk00nT9BSOG+ivNnDd+7LRH4+AU1DRNuIiQJ0fjRt87gvH+VxQ=="
    },
    "@jspawn/pdfr-wasm": {
      "version": "0.0.3",
      "resolved": "https://registry.npmjs.org/@jspawn/pdfr-wasm/-/pdfr-wasm-0.0.3.tgz",
      "integrity": "sha512-zS/pdmcty2+gzP1t7EkNCQk67SbNsiJk3MVhGtJ9zprEZoUjDC1CC7zyvu+o7P3QDUYwyjoQdSZZ/Bav/jNLTA=="
    },
    "@jspawn/qpdf-wasm": {
      "version": "0.0.1",
      "resolved": "https://registry.npmjs.org/@jspawn/qpdf-wasm/-/qpdf-wasm-0.0.1.tgz",
      "integrity": "sha512-SvrW9q149/qedCPklwa6+Dyl5aNR0aSIxlJAfdxzjg78XmBHt5iB7jgCh9O6RYxk/MRiZ05DgxO5o+w2qQJjJQ=="
    },
    "test-util": {
      "version": "file:../test-util"
    }
  }
}
